
Microsoft Visual Studio Solution File, Format Version 12.00
# Visual Studio Version 17
VisualStudioVersion = 17.4.33213.308
MinimumVisualStudioVersion = 10.0.40219.1
Project("{FAE04EC0-301F-11D3-BF4B-00C04F79EFBC}") = "Hierarchy-of-the-King", "Hierarchy-of-the-King.csproj", "{5886B4E7-CC6F-43C5-9E25-3AB5CF996CF6}"
EndProject
Global
	GlobalSection(SolutionConfigurationPlatforms) = preSolution
		Debug|Any CPU = Debug|Any CPU
		Release|Any CPU = Release|Any CPU
	EndGlobalSection
	GlobalSection(ProjectConfigurationPlatforms) = postSolution
		{5886B4E7-CC6F-43C5-9E25-3AB5CF996CF6}.Debug|Any CPU.ActiveCfg = Debug|Any CPU
		{5886B4E7-CC6F-43C5-9E25-3AB5CF996CF6}.Debug|Any CPU.Build.0 = Debug|Any CPU
		{5886B4E7-CC6F-43C5-9E25-3AB5CF996CF6}.Release|Any CPU.ActiveCfg = Release|Any CPU
		{5886B4E7-CC6F-43C5-9E25-3AB5CF996CF6}.Release|Any CPU.Build.0 = Release|Any CPU
	EndGlobalSection
	GlobalSection(SolutionProperties) = preSolution
		HideSolutionNode = FALSE
	EndGlobalSection
	GlobalSection(ExtensibilityGlobals) = postSolution
		SolutionGuid = {1F2F6642-857A-427F-BCE0-F3FCD1BE5C49}
	EndGlobalSection
EndGlobal
